
Microsoft Visual Studio Solution File, Format Version 12.00
# Visual Studio Version 16
VisualStudioVersion = 16.0.29806.167
MinimumVisualStudioVersion = 10.0.40219.1
Project("{FAE04EC0-301F-11D3-BF4B-00C04F79EFBC}") = "practice_3.6", "practice_3.6\practice_3.6.csproj", "{C7D023A7-343D-434E-9C18-A7C9FC2F598A}"
EndProject
Global
	GlobalSection(SolutionConfigurationPlatforms) = preSolution
		Debug|Any CPU = Debug|Any CPU
		Release|Any CPU = Release|Any CPU
	EndGlobalSection
	GlobalSection(ProjectConfigurationPlatforms) = postSolution
		{C7D023A7-343D-434E-9C18-A7C9FC2F598A}.Debug|Any CPU.ActiveCfg = Debug|Any CPU
		{C7D023A7-343D-434E-9C18-A7C9FC2F598A}.Debug|Any CPU.Build.0 = Debug|Any CPU
		{C7D023A7-343D-434E-9C18-A7C9FC2F598A}.Release|Any CPU.ActiveCfg = Release|Any CPU
		{C7D023A7-343D-434E-9C18-A7C9FC2F598A}.Release|Any CPU.Build.0 = Release|Any CPU
	EndGlobalSection
	GlobalSection(SolutionProperties) = preSolution
		HideSolutionNode = FALSE
	EndGlobalSection
	GlobalSection(ExtensibilityGlobals) = postSolution
		SolutionGuid = {25D4D8A7-606E-47C9-B094-EBC3A3A52E83}
	EndGlobalSection
EndGlobal
